
Microsoft Visual Studio Solution File, Format Version 12.00
# Visual Studio 15
VisualStudioVersion = 15.0.28307.757
MinimumVisualStudioVersion = 10.0.40219.1
Project("{FAE04EC0-301F-11D3-BF4B-00C04F79EFBC}") = "WebApi.DI", "WebApi.DI\WebApi.DI.csproj", "{2F849201-19B1-424A-B17A-9BB3AA23EA18}"
EndProject
Global
	GlobalSection(SolutionConfigurationPlatforms) = preSolution
		Debug|Any CPU = Debug|Any CPU
		Release|Any CPU = Release|Any CPU
	EndGlobalSection
	GlobalSection(ProjectConfigurationPlatforms) = postSolution
		{2F849201-19B1-424A-B17A-9BB3AA23EA18}.Debug|Any CPU.ActiveCfg = Debug|Any CPU
		{2F849201-19B1-424A-B17A-9BB3AA23EA18}.Debug|Any CPU.Build.0 = Debug|Any CPU
		{2F849201-19B1-424A-B17A-9BB3AA23EA18}.Release|Any CPU.ActiveCfg = Release|Any CPU
		{2F849201-19B1-424A-B17A-9BB3AA23EA18}.Release|Any CPU.Build.0 = Release|Any CPU
	EndGlobalSection
	GlobalSection(SolutionProperties) = preSolution
		HideSolutionNode = FALSE
	EndGlobalSection
	GlobalSection(ExtensibilityGlobals) = postSolution
		SolutionGuid = {D9418DC1-7A72-4B26-89E9-75AD2B7C6A6A}
	EndGlobalSection
EndGlobal
